
Microsoft Visual Studio Solution File, Format Version 12.00
# Visual Studio 15
VisualStudioVersion = 15.0.27004.2006
MinimumVisualStudioVersion = 10.0.40219.1
Project("{FAE04EC0-301F-11D3-BF4B-00C04F79EFBC}") = "CodaTest1", "CodaTest1\CodaTest1.csproj", "{F3FD02A7-26C5-4532-9826-85CEC99C0705}"
EndProject
Global
	GlobalSection(SolutionConfigurationPlatforms) = preSolution
		Debug|Any CPU = Debug|Any CPU
		Release|Any CPU = Release|Any CPU
	EndGlobalSection
	GlobalSection(ProjectConfigurationPlatforms) = postSolution
		{F3FD02A7-26C5-4532-9826-85CEC99C0705}.Debug|Any CPU.ActiveCfg = Debug|Any CPU
		{F3FD02A7-26C5-4532-9826-85CEC99C0705}.Debug|Any CPU.Build.0 = Debug|Any CPU
		{F3FD02A7-26C5-4532-9826-85CEC99C0705}.Release|Any CPU.ActiveCfg = Release|Any CPU
		{F3FD02A7-26C5-4532-9826-85CEC99C0705}.Release|Any CPU.Build.0 = Release|Any CPU
	EndGlobalSection
	GlobalSection(SolutionProperties) = preSolution
		HideSolutionNode = FALSE
	EndGlobalSection
	GlobalSection(ExtensibilityGlobals) = postSolution
		SolutionGuid = {B0D95C27-F063-4A12-9402-33356DDAFA3D}
	EndGlobalSection
EndGlobal
